
Microsoft Visual Studio Solution File, Format Version 12.00
# Visual Studio Version 17
VisualStudioVersion = 17.10.35004.147
MinimumVisualStudioVersion = 10.0.40219.1
Project("{9A19103F-16F7-4668-BE54-9A1E7A4F7556}") = "FlutterBridge.Sample", "FlutterBridge.Sample\FlutterBridge.Sample.csproj", "{33DCA98E-C04D-4956-AAF1-E298A8296F08}"
EndProject
Project("{9A19103F-16F7-4668-BE54-9A1E7A4F7556}") = "FlutterBridge.Maui", "FlutterBridge.Maui\FlutterBridge.Maui.csproj", "{374D8936-87EC-43AF-85A1-B0231C80E4D8}"
EndProject
Global
	GlobalSection(SolutionConfigurationPlatforms) = preSolution
		Debug|Any CPU = Debug|Any CPU
		Release|Any CPU = Release|Any CPU
	EndGlobalSection
	GlobalSection(ProjectConfigurationPlatforms) = postSolution
		{33DCA98E-C04D-4956-AAF1-E298A8296F08}.Debug|Any CPU.ActiveCfg = Debug|Any CPU
		{33DCA98E-C04D-4956-AAF1-E298A8296F08}.Debug|Any CPU.Build.0 = Debug|Any CPU
		{33DCA98E-C04D-4956-AAF1-E298A8296F08}.Debug|Any CPU.Deploy.0 = Debug|Any CPU
		{33DCA98E-C04D-4956-AAF1-E298A8296F08}.Release|Any CPU.ActiveCfg = Release|Any CPU
		{33DCA98E-C04D-4956-AAF1-E298A8296F08}.Release|Any CPU.Build.0 = Release|Any CPU
		{33DCA98E-C04D-4956-AAF1-E298A8296F08}.Release|Any CPU.Deploy.0 = Release|Any CPU
		{374D8936-87EC-43AF-85A1-B0231C80E4D8}.Debug|Any CPU.ActiveCfg = Debug|Any CPU
		{374D8936-87EC-43AF-85A1-B0231C80E4D8}.Debug|Any CPU.Build.0 = Debug|Any CPU
		{374D8936-87EC-43AF-85A1-B0231C80E4D8}.Release|Any CPU.ActiveCfg = Release|Any CPU
		{374D8936-87EC-43AF-85A1-B0231C80E4D8}.Release|Any CPU.Build.0 = Release|Any CPU
	EndGlobalSection
	GlobalSection(SolutionProperties) = preSolution
		HideSolutionNode = FALSE
	EndGlobalSection
	GlobalSection(ExtensibilityGlobals) = postSolution
		SolutionGuid = {FD6D89D8-3AD9-4658-9223-AB7A4F386993}
	EndGlobalSection
EndGlobal
